
Microsoft Visual Studio Solution File, Format Version 12.00
# Visual Studio Version 17
VisualStudioVersion = 17.2.32519.379
MinimumVisualStudioVersion = 10.0.40219.1
Project("{888888A0-9F3D-457C-B088-3A5042F75D52}") = "Alarm Clock", "Alarm Clock.pyproj", "{99871D08-F9D8-4C47-A4B6-0558581E97B8}"
EndProject
Global
	GlobalSection(SolutionConfigurationPlatforms) = preSolution
		Debug|Any CPU = Debug|Any CPU
		Release|Any CPU = Release|Any CPU
	EndGlobalSection
	GlobalSection(ProjectConfigurationPlatforms) = postSolution
		{99871D08-F9D8-4C47-A4B6-0558581E97B8}.Debug|Any CPU.ActiveCfg = Debug|Any CPU
		{99871D08-F9D8-4C47-A4B6-0558581E97B8}.Release|Any CPU.ActiveCfg = Release|Any CPU
	EndGlobalSection
	GlobalSection(SolutionProperties) = preSolution
		HideSolutionNode = FALSE
	EndGlobalSection
	GlobalSection(ExtensibilityGlobals) = postSolution
		SolutionGuid = {83F57F89-D23C-43AB-983B-470CD9962C7E}
	EndGlobalSection
EndGlobal
